// !$*UTF8*$!
{
	archiveVersion = 1;
	classes = {
	};
	objectVersion = 52;
	objects = {

/* Begin PBXBuildFile section */
		A0424DE425622FC200387CA2 /* TextRelatedViews.swift in Sources */ = {isa = PBXBuildFile; fileRef = A0424DE325622FC200387CA2 /* TextRelatedViews.swift */; };
		A0424DE72563616900387CA2 /* DemoView.swift in Sources */ = {isa = PBXBuildFile; fileRef = A0424DE62563616900387CA2 /* DemoView.swift */; };
		A0424DEA256393D800387CA2 /* LayoutRelatedViews.swift in Sources */ = {isa = PBXBuildFile; fileRef = A0424DE9256393D800387CA2 /* LayoutRelatedViews.swift */; };
		A0424DED2563A28E00387CA2 /* PodcastView.swift in Sources */ = {isa = PBXBuildFile; fileRef = A0424DEC2563A28E00387CA2 /* PodcastView.swift */; };
		A0424DF02563B82A00387CA2 /* ShapeRelatedViews.swift in Sources */ = {isa = PBXBuildFile; fileRef = A0424DEF2563B82A00387CA2 /* ShapeRelatedViews.swift */; };
		A075D63325887A0600D47B67 /* EffectRelatedModifiers.swift in Sources */ = {isa = PBXBuildFile; fileRef = A075D63225887A0600D47B67 /* EffectRelatedModifiers.swift */; };
		A084E8C6256C947F008AEB19 /* HierarchyRelatedView.swift in Sources */ = {isa = PBXBuildFile; fileRef = A084E8C5256C947F008AEB19 /* HierarchyRelatedView.swift */; };
		A08D6F052575200F00A1F99D /* Assets.xcassets in Resources */ = {isa = PBXBuildFile; fileRef = A08D6F042575200F00A1F99D /* Assets.xcassets */; };
		A08D6F0C2575200F00A1F99D /* Watch Extension.appex in Embed App Extensions */ = {isa = PBXBuildFile; fileRef = A08D6F0B2575200F00A1F99D /* Watch Extension.appex */; settings = {ATTRIBUTES = (RemoveHeadersOnCopy, ); }; };
		A08D6F112575200F00A1F99D /* SwiftUIViewsApp.swift in Sources */ = {isa = PBXBuildFile; fileRef = A08D6F102575200F00A1F99D /* SwiftUIViewsApp.swift */; };
		A08D6F132575200F00A1F99D /* ContentView.swift in Sources */ = {isa = PBXBuildFile; fileRef = A08D6F122575200F00A1F99D /* ContentView.swift */; };
		A08D6F152575200F00A1F99D /* NotificationController.swift in Sources */ = {isa = PBXBuildFile; fileRef = A08D6F142575200F00A1F99D /* NotificationController.swift */; };
		A08D6F172575200F00A1F99D /* NotificationView.swift in Sources */ = {isa = PBXBuildFile; fileRef = A08D6F162575200F00A1F99D /* NotificationView.swift */; };
		A08D6F192575200F00A1F99D /* ComplicationController.swift in Sources */ = {isa = PBXBuildFile; fileRef = A08D6F182575200F00A1F99D /* ComplicationController.swift */; };
		A08D6F1B2575201000A1F99D /* Assets.xcassets in Resources */ = {isa = PBXBuildFile; fileRef = A08D6F1A2575201000A1F99D /* Assets.xcassets */; };
		A08D6F1E2575201000A1F99D /* Preview Assets.xcassets in Resources */ = {isa = PBXBuildFile; fileRef = A08D6F1D2575201000A1F99D /* Preview Assets.xcassets */; };
		A08D6F232575201000A1F99D /* Watch.app in Embed Watch Content */ = {isa = PBXBuildFile; fileRef = A08D6F022575200D00A1F99D /* Watch.app */; platformFilter = ios; settings = {ATTRIBUTES = (RemoveHeadersOnCopy, ); }; };
		A08D6F3B257542E000A1F99D /* ProjectCardView.swift in Sources */ = {isa = PBXBuildFile; fileRef = A08D6F3A257542E000A1F99D /* ProjectCardView.swift */; };
		A08D6F43257545AC00A1F99D /* PlatformRelatedView.swift in Sources */ = {isa = PBXBuildFile; fileRef = A08D6F42257545AC00A1F99D /* PlatformRelatedView.swift */; };
		A08E323825A272D0006B32A7 /* ImageTransition.swift in Sources */ = {isa = PBXBuildFile; fileRef = A08E323125A272D0006B32A7 /* ImageTransition.swift */; };
		A08E323925A272D0006B32A7 /* AnimatedProgressView.swift in Sources */ = {isa = PBXBuildFile; fileRef = A08E323225A272D0006B32A7 /* AnimatedProgressView.swift */; };
		A08E323A25A272D0006B32A7 /* ImageTransitionTwo.swift in Sources */ = {isa = PBXBuildFile; fileRef = A08E323325A272D0006B32A7 /* ImageTransitionTwo.swift */; };
		A08E323B25A272D0006B32A7 /* AnimatedCardFlip.swift in Sources */ = {isa = PBXBuildFile; fileRef = A08E323425A272D0006B32A7 /* AnimatedCardFlip.swift */; };
		A08E323C25A272D0006B32A7 /* PlayButton.swift in Sources */ = {isa = PBXBuildFile; fileRef = A08E323525A272D0006B32A7 /* PlayButton.swift */; };
		A08E323E25A272D0006B32A7 /* AnimatedRotate.swift in Sources */ = {isa = PBXBuildFile; fileRef = A08E323725A272D0006B32A7 /* AnimatedRotate.swift */; };
		A0A2E5B32565B688002A40E0 /* ControlRelatedViews.swift in Sources */ = {isa = PBXBuildFile; fileRef = A0A2E5B22565B688002A40E0 /* ControlRelatedViews.swift */; };
		A0B4410A258AA820004BBED5 /* GestureRelatedModifiers.swift in Sources */ = {isa = PBXBuildFile; fileRef = A0B44109258AA820004BBED5 /* GestureRelatedModifiers.swift */; };
		A0B6560625787E8700302F33 /* TextRelatedModifiers.swift in Sources */ = {isa = PBXBuildFile; fileRef = A0B6560525787E8700302F33 /* TextRelatedModifiers.swift */; };
		A0BA526F257F7E220022A0FB /* ImageRelatedModifiers.swift in Sources */ = {isa = PBXBuildFile; fileRef = A0BA526E257F7E220022A0FB /* ImageRelatedModifiers.swift */; };
		A0CEB7E62560E322003E5878 /* SwiftUIViewsApp.swift in Sources */ = {isa = PBXBuildFile; fileRef = A0CEB7E52560E322003E5878 /* SwiftUIViewsApp.swift */; };
		A0CEB7EA2560E323003E5878 /* Assets.xcassets in Resources */ = {isa = PBXBuildFile; fileRef = A0CEB7E92560E323003E5878 /* Assets.xcassets */; };
		A0CEB7ED2560E323003E5878 /* Preview Assets.xcassets in Resources */ = {isa = PBXBuildFile; fileRef = A0CEB7EC2560E323003E5878 /* Preview Assets.xcassets */; };
		A0D9623025792D92004F797B /* FZKai-Z03S.ttf in Resources */ = {isa = PBXBuildFile; fileRef = A0D9622F25792D92004F797B /* FZKai-Z03S.ttf */; };
		A0D9623125792D92004F797B /* FZKai-Z03S.ttf in Resources */ = {isa = PBXBuildFile; fileRef = A0D9622F25792D92004F797B /* FZKai-Z03S.ttf */; };
		A0D9623225792D92004F797B /* FZKai-Z03S.ttf in Resources */ = {isa = PBXBuildFile; fileRef = A0D9622F25792D92004F797B /* FZKai-Z03S.ttf */; };
		A0DF71F1257EC272002F9396 /* LayoutRelatedModifiers.swift in Sources */ = {isa = PBXBuildFile; fileRef = A0DF71F0257EC272002F9396 /* LayoutRelatedModifiers.swift */; };
		A0E5C13825A64761006C6907 /* ViewOne.swift in Sources */ = {isa = PBXBuildFile; fileRef = A0E5C13725A64761006C6907 /* ViewOne.swift */; };
		A0E5C14025A65FBC006C6907 /* UnitView.swift in Sources */ = {isa = PBXBuildFile; fileRef = A0E5C13F25A65FBC006C6907 /* UnitView.swift */; };
		A0F0F9FF256EE618009134D8 /* ContentsRelatedViews.swift in Sources */ = {isa = PBXBuildFile; fileRef = A0F0F9FE256EE618009134D8 /* ContentsRelatedViews.swift */; };
/* End PBXBuildFile section */

/* Begin PBXContainerItemProxy section */
		A08D6F0D2575200F00A1F99D /* PBXContainerItemProxy */ = {
			isa = PBXContainerItemProxy;
			containerPortal = A0CEB7DA2560E322003E5878 /* Project object */;
			proxyType = 1;
			remoteGlobalIDString = A08D6F0A2575200F00A1F99D;
			remoteInfo = "Watch Extension";
		};
		A08D6F212575201000A1F99D /* PBXContainerItemProxy */ = {
			isa = PBXContainerItemProxy;
			containerPortal = A0CEB7DA2560E322003E5878 /* Project object */;
			proxyType = 1;
			remoteGlobalIDString = A08D6F012575200D00A1F99D;
			remoteInfo = Watch;
		};
/* End PBXContainerItemProxy section */

/* Begin PBXCopyFilesBuildPhase section */
		A08D6F272575201000A1F99D /* Embed App Extensions */ = {
			isa = PBXCopyFilesBuildPhase;
			buildActionMask = 2147483647;
			dstPath = "";
			dstSubfolderSpec = 13;
			files = (
				A08D6F0C2575200F00A1F99D /* Watch Extension.appex in Embed App Extensions */,
			);
			name = "Embed App Extensions";
			runOnlyForDeploymentPostprocessing = 0;
		};
		A08D6F2B2575201000A1F99D /* Embed Watch Content */ = {
			isa = PBXCopyFilesBuildPhase;
			buildActionMask = 2147483647;
			dstPath = "$(CONTENTS_FOLDER_PATH)/Watch";
			dstSubfolderSpec = 16;
			files = (
				A08D6F232575201000A1F99D /* Watch.app in Embed Watch Content */,
			);
			name = "Embed Watch Content";
			runOnlyForDeploymentPostprocessing = 0;
		};
/* End PBXCopyFilesBuildPhase section */

/* Begin PBXFileReference section */
		A0424DE325622FC200387CA2 /* TextRelatedViews.swift */ = {isa = PBXFileReference; lastKnownFileType = sourcecode.swift; path = TextRelatedViews.swift; sourceTree = "<group>"; };
		A0424DE62563616900387CA2 /* DemoView.swift */ = {isa = PBXFileReference; lastKnownFileType = sourcecode.swift; path = DemoView.swift; sourceTree = "<group>"; };
		A0424DE9256393D800387CA2 /* LayoutRelatedViews.swift */ = {isa = PBXFileReference; lastKnownFileType = sourcecode.swift; path = LayoutRelatedViews.swift; sourceTree = "<group>"; };
		A0424DEC2563A28E00387CA2 /* PodcastView.swift */ = {isa = PBXFileReference; lastKnownFileType = sourcecode.swift; path = PodcastView.swift; sourceTree = "<group>"; };
		A0424DEF2563B82A00387CA2 /* ShapeRelatedViews.swift */ = {isa = PBXFileReference; lastKnownFileType = sourcecode.swift; path = ShapeRelatedViews.swift; sourceTree = "<group>"; };
		A075D63225887A0600D47B67 /* EffectRelatedModifiers.swift */ = {isa = PBXFileReference; lastKnownFileType = sourcecode.swift; path = EffectRelatedModifiers.swift; sourceTree = "<group>"; };
		A084E8C5256C947F008AEB19 /* HierarchyRelatedView.swift */ = {isa = PBXFileReference; lastKnownFileType = sourcecode.swift; path = HierarchyRelatedView.swift; sourceTree = "<group>"; };
		A08D6EDB257516B700A1F99D /* SwiftUIViews.entitlements */ = {isa = PBXFileReference; lastKnownFileType = text.plist.entitlements; path = SwiftUIViews.entitlements; sourceTree = "<group>"; };
		A08D6F022575200D00A1F99D /* Watch.app */ = {isa = PBXFileReference; explicitFileType = wrapper.application; includeInIndex = 0; path = Watch.app; sourceTree = BUILT_PRODUCTS_DIR; };
		A08D6F042575200F00A1F99D /* Assets.xcassets */ = {isa = PBXFileReference; lastKnownFileType = folder.assetcatalog; path = Assets.xcassets; sourceTree = "<group>"; };
		A08D6F062575200F00A1F99D /* Info.plist */ = {isa = PBXFileReference; lastKnownFileType = text.plist.xml; path = Info.plist; sourceTree = "<group>"; };
		A08D6F0B2575200F00A1F99D /* Watch Extension.appex */ = {isa = PBXFileReference; explicitFileType = "wrapper.app-extension"; includeInIndex = 0; path = "Watch Extension.appex"; sourceTree = BUILT_PRODUCTS_DIR; };
		A08D6F102575200F00A1F99D /* SwiftUIViewsApp.swift */ = {isa = PBXFileReference; lastKnownFileType = sourcecode.swift; path = SwiftUIViewsApp.swift; sourceTree = "<group>"; };
		A08D6F122575200F00A1F99D /* ContentView.swift */ = {isa = PBXFileReference; lastKnownFileType = sourcecode.swift; path = ContentView.swift; sourceTree = "<group>"; };
		A08D6F142575200F00A1F99D /* NotificationController.swift */ = {isa = PBXFileReference; lastKnownFileType = sourcecode.swift; path = NotificationController.swift; sourceTree = "<group>"; };
		A08D6F162575200F00A1F99D /* NotificationView.swift */ = {isa = PBXFileReference; lastKnownFileType = sourcecode.swift; path = NotificationView.swift; sourceTree = "<group>"; };
		A08D6F182575200F00A1F99D /* ComplicationController.swift */ = {isa = PBXFileReference; lastKnownFileType = sourcecode.swift; path = ComplicationController.swift; sourceTree = "<group>"; };
		A08D6F1A2575201000A1F99D /* Assets.xcassets */ = {isa = PBXFileReference; lastKnownFileType = folder.assetcatalog; path = Assets.xcassets; sourceTree = "<group>"; };
		A08D6F1D2575201000A1F99D /* Preview Assets.xcassets */ = {isa = PBXFileReference; lastKnownFileType = folder.assetcatalog; path = "Preview Assets.xcassets"; sourceTree = "<group>"; };
		A08D6F1F2575201000A1F99D /* Info.plist */ = {isa = PBXFileReference; lastKnownFileType = text.plist.xml; path = Info.plist; sourceTree = "<group>"; };
		A08D6F202575201000A1F99D /* PushNotificationPayload.apns */ = {isa = PBXFileReference; lastKnownFileType = text; path = PushNotificationPayload.apns; sourceTree = "<group>"; };
		A08D6F3A257542E000A1F99D /* ProjectCardView.swift */ = {isa = PBXFileReference; lastKnownFileType = sourcecode.swift; path = ProjectCardView.swift; sourceTree = "<group>"; };
		A08D6F42257545AC00A1F99D /* PlatformRelatedView.swift */ = {isa = PBXFileReference; lastKnownFileType = sourcecode.swift; path = PlatformRelatedView.swift; sourceTree = "<group>"; };
		A08E323125A272D0006B32A7 /* ImageTransition.swift */ = {isa = PBXFileReference; fileEncoding = 4; lastKnownFileType = sourcecode.swift; path = ImageTransition.swift; sourceTree = "<group>"; };
		A08E323225A272D0006B32A7 /* AnimatedProgressView.swift */ = {isa = PBXFileReference; fileEncoding = 4; lastKnownFileType = sourcecode.swift; path = AnimatedProgressView.swift; sourceTree = "<group>"; };
		A08E323325A272D0006B32A7 /* ImageTransitionTwo.swift */ = {isa = PBXFileReference; fileEncoding = 4; lastKnownFileType = sourcecode.swift; path = ImageTransitionTwo.swift; sourceTree = "<group>"; };
		A08E323425A272D0006B32A7 /* AnimatedCardFlip.swift */ = {isa = PBXFileReference; fileEncoding = 4; lastKnownFileType = sourcecode.swift; path = AnimatedCardFlip.swift; sourceTree = "<group>"; };
		A08E323525A272D0006B32A7 /* PlayButton.swift */ = {isa = PBXFileReference; fileEncoding = 4; lastKnownFileType = sourcecode.swift; path = PlayButton.swift; sourceTree = "<group>"; };
		A08E323725A272D0006B32A7 /* AnimatedRotate.swift */ = {isa = PBXFileReference; fileEncoding = 4; lastKnownFileType = sourcecode.swift; path = AnimatedRotate.swift; sourceTree = "<group>"; };
		A0A2E5B22565B688002A40E0 /* ControlRelatedViews.swift */ = {isa = PBXFileReference; lastKnownFileType = sourcecode.swift; path = ControlRelatedViews.swift; sourceTree = "<group>"; };
		A0B44109258AA820004BBED5 /* GestureRelatedModifiers.swift */ = {isa = PBXFileReference; lastKnownFileType = sourcecode.swift; path = GestureRelatedModifiers.swift; sourceTree = "<group>"; };
		A0B6560525787E8700302F33 /* TextRelatedModifiers.swift */ = {isa = PBXFileReference; lastKnownFileType = sourcecode.swift; path = TextRelatedModifiers.swift; sourceTree = "<group>"; };
		A0BA526E257F7E220022A0FB /* ImageRelatedModifiers.swift */ = {isa = PBXFileReference; lastKnownFileType = sourcecode.swift; path = ImageRelatedModifiers.swift; sourceTree = "<group>"; };
		A0CEB7E22560E322003E5878 /* SwiftUIViews.app */ = {isa = PBXFileReference; explicitFileType = wrapper.application; includeInIndex = 0; path = SwiftUIViews.app; sourceTree = BUILT_PRODUCTS_DIR; };
		A0CEB7E52560E322003E5878 /* SwiftUIViewsApp.swift */ = {isa = PBXFileReference; lastKnownFileType = sourcecode.swift; path = SwiftUIViewsApp.swift; sourceTree = "<group>"; };
		A0CEB7E92560E323003E5878 /* Assets.xcassets */ = {isa = PBXFileReference; lastKnownFileType = folder.assetcatalog; path = Assets.xcassets; sourceTree = "<group>"; };
		A0CEB7EC2560E323003E5878 /* Preview Assets.xcassets */ = {isa = PBXFileReference; lastKnownFileType = folder.assetcatalog; path = "Preview Assets.xcassets"; sourceTree = "<group>"; };
		A0CEB7EE2560E323003E5878 /* Info.plist */ = {isa = PBXFileReference; lastKnownFileType = text.plist.xml; path = Info.plist; sourceTree = "<group>"; };
		A0D9622F25792D92004F797B /* FZKai-Z03S.ttf */ = {isa = PBXFileReference; lastKnownFileType = file; path = "FZKai-Z03S.ttf"; sourceTree = "<group>"; };
		A0DF71F0257EC272002F9396 /* LayoutRelatedModifiers.swift */ = {isa = PBXFileReference; lastKnownFileType = sourcecode.swift; path = LayoutRelatedModifiers.swift; sourceTree = "<group>"; };
		A0E5C13725A64761006C6907 /* ViewOne.swift */ = {isa = PBXFileReference; lastKnownFileType = sourcecode.swift; path = ViewOne.swift; sourceTree = "<group>"; };
		A0E5C13F25A65FBC006C6907 /* UnitView.swift */ = {isa = PBXFileReference; lastKnownFileType = sourcecode.swift; path = UnitView.swift; sourceTree = "<group>"; };
		A0F0F9FE256EE618009134D8 /* ContentsRelatedViews.swift */ = {isa = PBXFileReference; lastKnownFileType = sourcecode.swift; path = ContentsRelatedViews.swift; sourceTree = "<group>"; };
/* End PBXFileReference section */

/* Begin PBXFrameworksBuildPhase section */
		A08D6F082575200F00A1F99D /* Frameworks */ = {
			isa = PBXFrameworksBuildPhase;
			buildActionMask = 2147483647;
			files = (
			);
			runOnlyForDeploymentPostprocessing = 0;
		};
		A0CEB7DF2560E322003E5878 /* Frameworks */ = {
			isa = PBXFrameworksBuildPhase;
			buildActionMask = 2147483647;
			files = (
			);
			runOnlyForDeploymentPostprocessing = 0;
		};
/* End PBXFrameworksBuildPhase section */

/* Begin PBXGroup section */
		A08D6F032575200D00A1F99D /* Watch */ = {
			isa = PBXGroup;
			children = (
				A08D6F042575200F00A1F99D /* Assets.xcassets */,
				A08D6F062575200F00A1F99D /* Info.plist */,
			);
			path = Watch;
			sourceTree = "<group>";
		};
		A08D6F0F2575200F00A1F99D /* Watch Extension */ = {
			isa = PBXGroup;
			children = (
				A08D6F102575200F00A1F99D /* SwiftUIViewsApp.swift */,
				A08D6F122575200F00A1F99D /* ContentView.swift */,
				A08D6F142575200F00A1F99D /* NotificationController.swift */,
				A08D6F162575200F00A1F99D /* NotificationView.swift */,
				A08D6F182575200F00A1F99D /* ComplicationController.swift */,
				A08D6F1A2575201000A1F99D /* Assets.xcassets */,
				A08D6F1F2575201000A1F99D /* Info.plist */,
				A08D6F202575201000A1F99D /* PushNotificationPayload.apns */,
				A08D6F1C2575201000A1F99D /* Preview Content */,
			);
			path = "Watch Extension";
			sourceTree = "<group>";
		};
		A08D6F1C2575201000A1F99D /* Preview Content */ = {
			isa = PBXGroup;
			children = (
				A08D6F1D2575201000A1F99D /* Preview Assets.xcassets */,
			);
			path = "Preview Content";
			sourceTree = "<group>";
		};
		A08E323025A272B1006B32A7 /* Animations */ = {
			isa = PBXGroup;
			children = (
				A08E323425A272D0006B32A7 /* AnimatedCardFlip.swift */,
				A08E323225A272D0006B32A7 /* AnimatedProgressView.swift */,
				A08E323725A272D0006B32A7 /* AnimatedRotate.swift */,
				A08E323125A272D0006B32A7 /* ImageTransition.swift */,
				A08E323325A272D0006B32A7 /* ImageTransitionTwo.swift */,
				A08E323525A272D0006B32A7 /* PlayButton.swift */,
			);
			path = Animations;
			sourceTree = "<group>";
		};
		A0B6560025787E5500302F33 /* Modifiers */ = {
			isa = PBXGroup;
			children = (
				A0B6560525787E8700302F33 /* TextRelatedModifiers.swift */,
				A0DF71F0257EC272002F9396 /* LayoutRelatedModifiers.swift */,
				A075D63225887A0600D47B67 /* EffectRelatedModifiers.swift */,
				A0B44109258AA820004BBED5 /* GestureRelatedModifiers.swift */,
				A0BA526E257F7E220022A0FB /* ImageRelatedModifiers.swift */,
			);
			path = Modifiers;
			sourceTree = "<group>";
		};
		A0B6560125787E6A00302F33 /* Views */ = {
			isa = PBXGroup;
			children = (
				A0424DE325622FC200387CA2 /* TextRelatedViews.swift */,
				A0424DEF2563B82A00387CA2 /* ShapeRelatedViews.swift */,
				A0424DE9256393D800387CA2 /* LayoutRelatedViews.swift */,
				A0A2E5B22565B688002A40E0 /* ControlRelatedViews.swift */,
				A084E8C5256C947F008AEB19 /* HierarchyRelatedView.swift */,
				A0F0F9FE256EE618009134D8 /* ContentsRelatedViews.swift */,
				A08D6F42257545AC00A1F99D /* PlatformRelatedView.swift */,
				A0424DEC2563A28E00387CA2 /* PodcastView.swift */,
				A08D6F3A257542E000A1F99D /* ProjectCardView.swift */,
			);
			path = Views;
			sourceTree = "<group>";
		};
		A0CEB7D92560E322003E5878 = {
			isa = PBXGroup;
			children = (
				A0CEB7E42560E322003E5878 /* SwiftUIViews */,
				A08D6F032575200D00A1F99D /* Watch */,
				A08D6F0F2575200F00A1F99D /* Watch Extension */,
				A0CEB7E32560E322003E5878 /* Products */,
			);
			sourceTree = "<group>";
		};
		A0CEB7E32560E322003E5878 /* Products */ = {
			isa = PBXGroup;
			children = (
				A0CEB7E22560E322003E5878 /* SwiftUIViews.app */,
				A08D6F022575200D00A1F99D /* Watch.app */,
				A08D6F0B2575200F00A1F99D /* Watch Extension.appex */,
			);
			name = Products;
			sourceTree = "<group>";
		};
		A0CEB7E42560E322003E5878 /* SwiftUIViews */ = {
			isa = PBXGroup;
			children = (
				A0B6560125787E6A00302F33 /* Views */,
				A0B6560025787E5500302F33 /* Modifiers */,
				A0E5C13325A64743006C6907 /* Data Flow */,
				A08E323025A272B1006B32A7 /* Animations */,
				A08D6EDB257516B700A1F99D /* SwiftUIViews.entitlements */,
				A0CEB7E52560E322003E5878 /* SwiftUIViewsApp.swift */,
				A0424DE62563616900387CA2 /* DemoView.swift */,
				A0D9622F25792D92004F797B /* FZKai-Z03S.ttf */,
				A0CEB7E92560E323003E5878 /* Assets.xcassets */,
				A0CEB7EE2560E323003E5878 /* Info.plist */,
				A0CEB7EB2560E323003E5878 /* Preview Content */,
			);
			path = SwiftUIViews;
			sourceTree = "<group>";
		};
		A0CEB7EB2560E323003E5878 /* Preview Content */ = {
			isa = PBXGroup;
			children = (
				A0CEB7EC2560E323003E5878 /* Preview Assets.xcassets */,
			);
			path = "Preview Content";
			sourceTree = "<group>";
		};
		A0E5C13325A64743006C6907 /* Data Flow */ = {
			isa = PBXGroup;
			children = (
				A0E5C13725A64761006C6907 /* ViewOne.swift */,
				A0E5C13F25A65FBC006C6907 /* UnitView.swift */,
			);
			path = "Data Flow";
			sourceTree = "<group>";
		};
/* End PBXGroup section */

/* Begin PBXNativeTarget section */
		A08D6F012575200D00A1F99D /* Watch */ = {
			isa = PBXNativeTarget;
			buildConfigurationList = A08D6F282575201000A1F99D /* Build configuration list for PBXNativeTarget "Watch" */;
			buildPhases = (
				A08D6F002575200D00A1F99D /* Resources */,
				A08D6F272575201000A1F99D /* Embed App Extensions */,
			);
			buildRules = (
			);
			dependencies = (
				A08D6F0E2575200F00A1F99D /* PBXTargetDependency */,
			);
			name = Watch;
			productName = Watch;
			productReference = A08D6F022575200D00A1F99D /* Watch.app */;
			productType = "com.apple.product-type.application.watchapp2";
		};
		A08D6F0A2575200F00A1F99D /* Watch Extension */ = {
			isa = PBXNativeTarget;
			buildConfigurationList = A08D6F242575201000A1F99D /* Build configuration list for PBXNativeTarget "Watch Extension" */;
			buildPhases = (
				A08D6F072575200F00A1F99D /* Sources */,
				A08D6F082575200F00A1F99D /* Frameworks */,
				A08D6F092575200F00A1F99D /* Resources */,
			);
			buildRules = (
			);
			dependencies = (
			);
			name = "Watch Extension";
			productName = "Watch Extension";
			productReference = A08D6F0B2575200F00A1F99D /* Watch Extension.appex */;
			productType = "com.apple.product-type.watchkit2-extension";
		};
		A0CEB7E12560E322003E5878 /* SwiftUIViews */ = {
			isa = PBXNativeTarget;
			buildConfigurationList = A0CEB7F12560E323003E5878 /* Build configuration list for PBXNativeTarget "SwiftUIViews" */;
			buildPhases = (
				A0CEB7DE2560E322003E5878 /* Sources */,
				A0CEB7DF2560E322003E5878 /* Frameworks */,
				A0CEB7E02560E322003E5878 /* Resources */,
				A08D6F2B2575201000A1F99D /* Embed Watch Content */,
			);
			buildRules = (
			);
			dependencies = (
				A08D6F222575201000A1F99D /* PBXTargetDependency */,
			);
			name = SwiftUIViews;
			productName = SwiftUIViews;
			productReference = A0CEB7E22560E322003E5878 /* SwiftUIViews.app */;
			productType = "com.apple.product-type.application";
		};
/* End PBXNativeTarget section */

/* Begin PBXProject section */
		A0CEB7DA2560E322003E5878 /* Project object */ = {
			isa = PBXProject;
			attributes = {
				LastSwiftUpdateCheck = 1220;
				LastUpgradeCheck = 1220;
				TargetAttributes = {
					A08D6F012575200D00A1F99D = {
						CreatedOnToolsVersion = 12.2;
					};
					A08D6F0A2575200F00A1F99D = {
						CreatedOnToolsVersion = 12.2;
					};
					A0CEB7E12560E322003E5878 = {
						CreatedOnToolsVersion = 12.2;
					};
				};
			};
			buildConfigurationList = A0CEB7DD2560E322003E5878 /* Build configuration list for PBXProject "SwiftUIViews" */;
			compatibilityVersion = "Xcode 9.3";
			developmentRegion = en;
			hasScannedForEncodings = 0;
			knownRegions = (
				en,
				Base,
			);
			mainGroup = A0CEB7D92560E322003E5878;
			productRefGroup = A0CEB7E32560E322003E5878 /* Products */;
			projectDirPath = "";
			projectRoot = "";
			targets = (
				A0CEB7E12560E322003E5878 /* SwiftUIViews */,
				A08D6F012575200D00A1F99D /* Watch */,
				A08D6F0A2575200F00A1F99D /* Watch Extension */,
			);
		};
/* End PBXProject section */

/* Begin PBXResourcesBuildPhase section */
		A08D6F002575200D00A1F99D /* Resources */ = {
			isa = PBXResourcesBuildPhase;
			buildActionMask = 2147483647;
			files = (
				A0D9623125792D92004F797B /* FZKai-Z03S.ttf in Resources */,
				A08D6F052575200F00A1F99D /* Assets.xcassets in Resources */,
			);
			runOnlyForDeploymentPostprocessing = 0;
		};
		A08D6F092575200F00A1F99D /* Resources */ = {
			isa = PBXResourcesBuildPhase;
			buildActionMask = 2147483647;
			files = (
				A0D9623225792D92004F797B /* FZKai-Z03S.ttf in Resources */,
				A08D6F1E2575201000A1F99D /* Preview Assets.xcassets in Resources */,
				A08D6F1B2575201000A1F99D /* Assets.xcassets in Resources */,
			);
			runOnlyForDeploymentPostprocessing = 0;
		};
		A0CEB7E02560E322003E5878 /* Resources */ = {
			isa = PBXResourcesBuildPhase;
			buildActionMask = 2147483647;
			files = (
				A0D9623025792D92004F797B /* FZKai-Z03S.ttf in Resources */,
				A0CEB7ED2560E323003E5878 /* Preview Assets.xcassets in Resources */,
				A0CEB7EA2560E323003E5878 /* Assets.xcassets in Resources */,
			);
			runOnlyForDeploymentPostprocessing = 0;
		};
/* End PBXResourcesBuildPhase section */

/* Begin PBXSourcesBuildPhase section */
		A08D6F072575200F00A1F99D /* Sources */ = {
			isa = PBXSourcesBuildPhase;
			buildActionMask = 2147483647;
			files = (
				A08D6F152575200F00A1F99D /* NotificationController.swift in Sources */,
				A08D6F132575200F00A1F99D /* ContentView.swift in Sources */,
				A08D6F192575200F00A1F99D /* ComplicationController.swift in Sources */,
				A08D6F112575200F00A1F99D /* SwiftUIViewsApp.swift in Sources */,
				A08D6F172575200F00A1F99D /* NotificationView.swift in Sources */,
			);
			runOnlyForDeploymentPostprocessing = 0;
		};
		A0CEB7DE2560E322003E5878 /* Sources */ = {
			isa = PBXSourcesBuildPhase;
			buildActionMask = 2147483647;
			files = (
				A084E8C6256C947F008AEB19 /* HierarchyRelatedView.swift in Sources */,
				A0424DF02563B82A00387CA2 /* ShapeRelatedViews.swift in Sources */,
				A08E323E25A272D0006B32A7 /* AnimatedRotate.swift in Sources */,
				A0424DE425622FC200387CA2 /* TextRelatedViews.swift in Sources */,
				A0BA526F257F7E220022A0FB /* ImageRelatedModifiers.swift in Sources */,
				A0424DE72563616900387CA2 /* DemoView.swift in Sources */,
				A0424DEA256393D800387CA2 /* LayoutRelatedViews.swift in Sources */,
				A0CEB7E62560E322003E5878 /* SwiftUIViewsApp.swift in Sources */,
				A0A2E5B32565B688002A40E0 /* ControlRelatedViews.swift in Sources */,
				A08E323C25A272D0006B32A7 /* PlayButton.swift in Sources */,
				A08E323925A272D0006B32A7 /* AnimatedProgressView.swift in Sources */,
				A08E323A25A272D0006B32A7 /* ImageTransitionTwo.swift in Sources */,
				A0E5C14025A65FBC006C6907 /* UnitView.swift in Sources */,
				A075D63325887A0600D47B67 /* EffectRelatedModifiers.swift in Sources */,
				A0DF71F1257EC272002F9396 /* LayoutRelatedModifiers.swift in Sources */,
				A0B4410A258AA820004BBED5 /* GestureRelatedModifiers.swift in Sources */,
				A08E323B25A272D0006B32A7 /* AnimatedCardFlip.swift in Sources */,
				A0E5C13825A64761006C6907 /* ViewOne.swift in Sources */,
				A0424DED2563A28E00387CA2 /* PodcastView.swift in Sources */,
				A0B6560625787E8700302F33 /* TextRelatedModifiers.swift in Sources */,
				A08D6F3B257542E000A1F99D /* ProjectCardView.swift in Sources */,
				A08D6F43257545AC00A1F99D /* PlatformRelatedView.swift in Sources */,
				A0F0F9FF256EE618009134D8 /* ContentsRelatedViews.swift in Sources */,
				A08E323825A272D0006B32A7 /* ImageTransition.swift in Sources */,
			);
			runOnlyForDeploymentPostprocessing = 0;
		};
/* End PBXSourcesBuildPhase section */

/* Begin PBXTargetDependency section */
		A08D6F0E2575200F00A1F99D /* PBXTargetDependency */ = {
			isa = PBXTargetDependency;
			target = A08D6F0A2575200F00A1F99D /* Watch Extension */;
			targetProxy = A08D6F0D2575200F00A1F99D /* PBXContainerItemProxy */;
		};
		A08D6F222575201000A1F99D /* PBXTargetDependency */ = {
			isa = PBXTargetDependency;
			platformFilter = ios;
			target = A08D6F012575200D00A1F99D /* Watch */;
			targetProxy = A08D6F212575201000A1F99D /* PBXContainerItemProxy */;
		};
/* End PBXTargetDependency section */

/* Begin XCBuildConfiguration section */
		A08D6F252575201000A1F99D /* Debug */ = {
			isa = XCBuildConfiguration;
			buildSettings = {
				ASSETCATALOG_COMPILER_COMPLICATION_NAME = Complication;
				CODE_SIGN_STYLE = Automatic;
				DEVELOPMENT_ASSET_PATHS = "\"Watch Extension/Preview Content\"";
				DEVELOPMENT_TEAM = 4DENVHJV75;
				ENABLE_PREVIEWS = YES;
				INFOPLIST_FILE = "Watch Extension/Info.plist";
				LD_RUNPATH_SEARCH_PATHS = (
					"$(inherited)",
					"@executable_path/Frameworks",
					"@executable_path/../../Frameworks",
				);
				PRODUCT_BUNDLE_IDENTIFIER = me.legolas.SwiftUIViews.watchkitapp.watchkitextension;
				PRODUCT_NAME = "${TARGET_NAME}";
				SDKROOT = watchos;
				SKIP_INSTALL = YES;
				SWIFT_VERSION = 5.0;
				TARGETED_DEVICE_FAMILY = 4;
				WATCHOS_DEPLOYMENT_TARGET = 7.1;
			};
			name = Debug;
		};
		A08D6F262575201000A1F99D /* Release */ = {
			isa = XCBuildConfiguration;
			buildSettings = {
				ASSETCATALOG_COMPILER_COMPLICATION_NAME = Complication;
				CODE_SIGN_STYLE = Automatic;
				DEVELOPMENT_ASSET_PATHS = "\"Watch Extension/Preview Content\"";
				DEVELOPMENT_TEAM = 4DENVHJV75;
				ENABLE_PREVIEWS = YES;
				INFOPLIST_FILE = "Watch Extension/Info.plist";
				LD_RUNPATH_SEARCH_PATHS = (
					"$(inherited)",
					"@executable_path/Frameworks",
					"@executable_path/../../Frameworks",
				);
				PRODUCT_BUNDLE_IDENTIFIER = me.legolas.SwiftUIViews.watchkitapp.watchkitextension;
				PRODUCT_NAME = "${TARGET_NAME}";
				SDKROOT = watchos;
				SKIP_INSTALL = YES;
				SWIFT_VERSION = 5.0;
				TARGETED_DEVICE_FAMILY = 4;
				WATCHOS_DEPLOYMENT_TARGET = 7.1;
			};
			name = Release;
		};
		A08D6F292575201000A1F99D /* Debug */ = {
			isa = XCBuildConfiguration;
			buildSettings = {
				ALWAYS_EMBED_SWIFT_STANDARD_LIBRARIES = YES;
				ASSETCATALOG_COMPILER_APPICON_NAME = AppIcon;
				ASSETCATALOG_COMPILER_GLOBAL_ACCENT_COLOR_NAME = AccentColor;
				CODE_SIGN_STYLE = Automatic;
				DEVELOPMENT_TEAM = 4DENVHJV75;
				IBSC_MODULE = Watch_Extension;
				INFOPLIST_FILE = Watch/Info.plist;
				PRODUCT_BUNDLE_IDENTIFIER = me.legolas.SwiftUIViews.watchkitapp;
				PRODUCT_NAME = "$(TARGET_NAME)";
				SDKROOT = watchos;
				SKIP_INSTALL = YES;
				SWIFT_VERSION = 5.0;
				TARGETED_DEVICE_FAMILY = 4;
				WATCHOS_DEPLOYMENT_TARGET = 7.1;
			};
			name = Debug;
		};
		A08D6F2A2575201000A1F99D /* Release */ = {
			isa = XCBuildConfiguration;
			buildSettings = {
				ALWAYS_EMBED_SWIFT_STANDARD_LIBRARIES = YES;
				ASSETCATALOG_COMPILER_APPICON_NAME = AppIcon;
				ASSETCATALOG_COMPILER_GLOBAL_ACCENT_COLOR_NAME = AccentColor;
				CODE_SIGN_STYLE = Automatic;
				DEVELOPMENT_TEAM = 4DENVHJV75;
				IBSC_MODULE = Watch_Extension;
				INFOPLIST_FILE = Watch/Info.plist;
				PRODUCT_BUNDLE_IDENTIFIER = me.legolas.SwiftUIViews.watchkitapp;
				PRODUCT_NAME = "$(TARGET_NAME)";
				SDKROOT = watchos;
				SKIP_INSTALL = YES;
				SWIFT_VERSION = 5.0;
				TARGETED_DEVICE_FAMILY = 4;
				WATCHOS_DEPLOYMENT_TARGET = 7.1;
			};
			name = Release;
		};
		A0CEB7EF2560E323003E5878 /* Debug */ = {
			isa = XCBuildConfiguration;
			buildSettings = {
				ALWAYS_SEARCH_USER_PATHS = NO;
				CLANG_ANALYZER_NONNULL = YES;
				CLANG_ANALYZER_NUMBER_OBJECT_CONVERSION = YES_AGGRESSIVE;
				CLANG_CXX_LANGUAGE_STANDARD = "gnu++14";
				CLANG_CXX_LIBRARY = "libc++";
				CLANG_ENABLE_MODULES = YES;
				CLANG_ENABLE_OBJC_ARC = YES;
				CLANG_ENABLE_OBJC_WEAK = YES;
				CLANG_WARN_BLOCK_CAPTURE_AUTORELEASING = YES;
				CLANG_WARN_BOOL_CONVERSION = YES;
				CLANG_WARN_COMMA = YES;
				CLANG_WARN_CONSTANT_CONVERSION = YES;
				CLANG_WARN_DEPRECATED_OBJC_IMPLEMENTATIONS = YES;
				CLANG_WARN_DIRECT_OBJC_ISA_USAGE = YES_ERROR;
				CLANG_WARN_DOCUMENTATION_COMMENTS = YES;
				CLANG_WARN_EMPTY_BODY = YES;
				CLANG_WARN_ENUM_CONVERSION = YES;
				CLANG_WARN_INFINITE_RECURSION = YES;
				CLANG_WARN_INT_CONVERSION = YES;
				CLANG_WARN_NON_LITERAL_NULL_CONVERSION = YES;
				CLANG_WARN_OBJC_IMPLICIT_RETAIN_SELF = YES;
				CLANG_WARN_OBJC_LITERAL_CONVERSION = YES;
				CLANG_WARN_OBJC_ROOT_CLASS = YES_ERROR;
				CLANG_WARN_QUOTED_INCLUDE_IN_FRAMEWORK_HEADER = YES;
				CLANG_WARN_RANGE_LOOP_ANALYSIS = YES;
				CLANG_WARN_STRICT_PROTOTYPES = YES;
				CLANG_WARN_SUSPICIOUS_MOVE = YES;
				CLANG_WARN_UNGUARDED_AVAILABILITY = YES_AGGRESSIVE;
				CLANG_WARN_UNREACHABLE_CODE = YES;
				CLANG_WARN__DUPLICATE_METHOD_MATCH = YES;
				COPY_PHASE_STRIP = NO;
				DEBUG_INFORMATION_FORMAT = dwarf;
				ENABLE_STRICT_OBJC_MSGSEND = YES;
				ENABLE_TESTABILITY = YES;
				GCC_C_LANGUAGE_STANDARD = gnu11;
				GCC_DYNAMIC_NO_PIC = NO;
				GCC_NO_COMMON_BLOCKS = YES;
				GCC_OPTIMIZATION_LEVEL = 0;
				GCC_PREPROCESSOR_DEFINITIONS = (
					"DEBUG=1",
					"$(inherited)",
				);
				GCC_WARN_64_TO_32_BIT_CONVERSION = YES;
				GCC_WARN_ABOUT_RETURN_TYPE = YES_ERROR;
				GCC_WARN_UNDECLARED_SELECTOR = YES;
				GCC_WARN_UNINITIALIZED_AUTOS = YES_AGGRESSIVE;
				GCC_WARN_UNUSED_FUNCTION = YES;
				GCC_WARN_UNUSED_VARIABLE = YES;
				IPHONEOS_DEPLOYMENT_TARGET = 14.2;
				MTL_ENABLE_DEBUG_INFO = INCLUDE_SOURCE;
				MTL_FAST_MATH = YES;
				ONLY_ACTIVE_ARCH = YES;
				SDKROOT = iphoneos;
				SWIFT_ACTIVE_COMPILATION_CONDITIONS = DEBUG;
				SWIFT_OPTIMIZATION_LEVEL = "-Onone";
			};
			name = Debug;
		};
		A0CEB7F02560E323003E5878 /* Release */ = {
			isa = XCBuildConfiguration;
			buildSettings = {
				ALWAYS_SEARCH_USER_PATHS = NO;
				CLANG_ANALYZER_NONNULL = YES;
				CLANG_ANALYZER_NUMBER_OBJECT_CONVERSION = YES_AGGRESSIVE;
				CLANG_CXX_LANGUAGE_STANDARD = "gnu++14";
				CLANG_CXX_LIBRARY = "libc++";
				CLANG_ENABLE_MODULES = YES;
				CLANG_ENABLE_OBJC_ARC = YES;
				CLANG_ENABLE_OBJC_WEAK = YES;
				CLANG_WARN_BLOCK_CAPTURE_AUTORELEASING = YES;
				CLANG_WARN_BOOL_CONVERSION = YES;
				CLANG_WARN_COMMA = YES;
				CLANG_WARN_CONSTANT_CONVERSION = YES;
				CLANG_WARN_DEPRECATED_OBJC_IMPLEMENTATIONS = YES;
				CLANG_WARN_DIRECT_OBJC_ISA_USAGE = YES_ERROR;
				CLANG_WARN_DOCUMENTATION_COMMENTS = YES;
				CLANG_WARN_EMPTY_BODY = YES;
				CLANG_WARN_ENUM_CONVERSION = YES;
				CLANG_WARN_INFINITE_RECURSION = YES;
				CLANG_WARN_INT_CONVERSION = YES;
				CLANG_WARN_NON_LITERAL_NULL_CONVERSION = YES;
				CLANG_WARN_OBJC_IMPLICIT_RETAIN_SELF = YES;
				CLANG_WARN_OBJC_LITERAL_CONVERSION = YES;
				CLANG_WARN_OBJC_ROOT_CLASS = YES_ERROR;
				CLANG_WARN_QUOTED_INCLUDE_IN_FRAMEWORK_HEADER = YES;
				CLANG_WARN_RANGE_LOOP_ANALYSIS = YES;
				CLANG_WARN_STRICT_PROTOTYPES = YES;
				CLANG_WARN_SUSPICIOUS_MOVE = YES;
				CLANG_WARN_UNGUARDED_AVAILABILITY = YES_AGGRESSIVE;
				CLANG_WARN_UNREACHABLE_CODE = YES;
				CLANG_WARN__DUPLICATE_METHOD_MATCH = YES;
				COPY_PHASE_STRIP = NO;
				DEBUG_INFORMATION_FORMAT = "dwarf-with-dsym";
				ENABLE_NS_ASSERTIONS = NO;
				ENABLE_STRICT_OBJC_MSGSEND = YES;
				GCC_C_LANGUAGE_STANDARD = gnu11;
				GCC_NO_COMMON_BLOCKS = YES;
				GCC_WARN_64_TO_32_BIT_CONVERSION = YES;
				GCC_WARN_ABOUT_RETURN_TYPE = YES_ERROR;
				GCC_WARN_UNDECLARED_SELECTOR = YES;
				GCC_WARN_UNINITIALIZED_AUTOS = YES_AGGRESSIVE;
				GCC_WARN_UNUSED_FUNCTION = YES;
				GCC_WARN_UNUSED_VARIABLE = YES;
				IPHONEOS_DEPLOYMENT_TARGET = 14.2;
				MTL_ENABLE_DEBUG_INFO = NO;
				MTL_FAST_MATH = YES;
				SDKROOT = iphoneos;
				SWIFT_COMPILATION_MODE = wholemodule;
				SWIFT_OPTIMIZATION_LEVEL = "-O";
				VALIDATE_PRODUCT = YES;
			};
			name = Release;
		};
		A0CEB7F22560E323003E5878 /* Debug */ = {
			isa = XCBuildConfiguration;
			buildSettings = {
				ASSETCATALOG_COMPILER_APPICON_NAME = AppIcon;
				ASSETCATALOG_COMPILER_GLOBAL_ACCENT_COLOR_NAME = AccentColor;
				CODE_SIGN_ENTITLEMENTS = SwiftUIViews/SwiftUIViews.entitlements;
				CODE_SIGN_STYLE = Automatic;
				DEVELOPMENT_ASSET_PATHS = "\"SwiftUIViews/Preview Content\"";
				DEVELOPMENT_TEAM = 4DENVHJV75;
				ENABLE_PREVIEWS = YES;
				INFOPLIST_FILE = SwiftUIViews/Info.plist;
				IPHONEOS_DEPLOYMENT_TARGET = 14.0;
				"IPHONEOS_DEPLOYMENT_TARGET[sdk=macosx*]" = 14.2;
				LD_RUNPATH_SEARCH_PATHS = (
					"$(inherited)",
					"@executable_path/Frameworks",
				);
				PRODUCT_BUNDLE_IDENTIFIER = me.legolas.SwiftUIViews;
				PRODUCT_NAME = "$(TARGET_NAME)";
				SUPPORTS_MACCATALYST = YES;
				SWIFT_VERSION = 5.0;
				TARGETED_DEVICE_FAMILY = "1,2,6";
			};
			name = Debug;
		};
		A0CEB7F32560E323003E5878 /* Release */ = {
			isa = XCBuildConfiguration;
			buildSettings = {
				ASSETCATALOG_COMPILER_APPICON_NAME = AppIcon;
				ASSETCATALOG_COMPILER_GLOBAL_ACCENT_COLOR_NAME = AccentColor;
				CODE_SIGN_ENTITLEMENTS = SwiftUIViews/SwiftUIViews.entitlements;
				CODE_SIGN_STYLE = Automatic;
				DEVELOPMENT_ASSET_PATHS = "\"SwiftUIViews/Preview Content\"";
				DEVELOPMENT_TEAM = 4DENVHJV75;
				ENABLE_PREVIEWS = YES;
				INFOPLIST_FILE = SwiftUIViews/Info.plist;
				IPHONEOS_DEPLOYMENT_TARGET = 14.0;
				"IPHONEOS_DEPLOYMENT_TARGET[sdk=macosx*]" = 14.2;
				LD_RUNPATH_SEARCH_PATHS = (
					"$(inherited)",
					"@executable_path/Frameworks",
				);
				PRODUCT_BUNDLE_IDENTIFIER = me.legolas.SwiftUIViews;
				PRODUCT_NAME = "$(TARGET_NAME)";
				SUPPORTS_MACCATALYST = YES;
				SWIFT_VERSION = 5.0;
				TARGETED_DEVICE_FAMILY = "1,2,6";
			};
			name = Release;
		};
/* End XCBuildConfiguration section */

/* Begin XCConfigurationList section */
		A08D6F242575201000A1F99D /* Build configuration list for PBXNativeTarget "Watch Extension" */ = {
			isa = XCConfigurationList;
			buildConfigurations = (
				A08D6F252575201000A1F99D /* Debug */,
				A08D6F262575201000A1F99D /* Release */,
			);
			defaultConfigurationIsVisible = 0;
			defaultConfigurationName = Release;
		};
		A08D6F282575201000A1F99D /* Build configuration list for PBXNativeTarget "Watch" */ = {
			isa = XCConfigurationList;
			buildConfigurations = (
				A08D6F292575201000A1F99D /* Debug */,
				A08D6F2A2575201000A1F99D /* Release */,
			);
			defaultConfigurationIsVisible = 0;
			defaultConfigurationName = Release;
		};
		A0CEB7DD2560E322003E5878 /* Build configuration list for PBXProject "SwiftUIViews" */ = {
			isa = XCConfigurationList;
			buildConfigurations = (
				A0CEB7EF2560E323003E5878 /* Debug */,
				A0CEB7F02560E323003E5878 /* Release */,
			);
			defaultConfigurationIsVisible = 0;
			defaultConfigurationName = Release;
		};
		A0CEB7F12560E323003E5878 /* Build configuration list for PBXNativeTarget "SwiftUIViews" */ = {
			isa = XCConfigurationList;
			buildConfigurations = (
				A0CEB7F22560E323003E5878 /* Debug */,
				A0CEB7F32560E323003E5878 /* Release */,
			);
			defaultConfigurationIsVisible = 0;
			defaultConfigurationName = Release;
		};
/* End XCConfigurationList section */
	};
	rootObject = A0CEB7DA2560E322003E5878 /* Project object */;
}
